
Microsoft Visual Studio Solution File, Format Version 12.00
# Visual Studio 15
VisualStudioVersion = 15.0.28307.572
MinimumVisualStudioVersion = 10.0.40219.1
Project("{9A19103F-16F7-4668-BE54-9A1E7A4F7556}") = "Inasync.MiddlewarePipelines", "src\Inasync.MiddlewarePipelines\Inasync.MiddlewarePipelines.csproj", "{1CB8D62B-A5EE-48C9-9259-056D36B5469A}"
EndProject
Project("{2150E333-8FDC-42A3-9474-1A3956D46DE8}") = "src", "src", "{D4CD30E4-0B4E-47CE-93D4-0A75CC43FA66}"
EndProject
Project("{2150E333-8FDC-42A3-9474-1A3956D46DE8}") = "tests", "tests", "{602E721D-94B2-420B-AFC3-B652BFED3A5F}"
EndProject
Project("{9A19103F-16F7-4668-BE54-9A1E7A4F7556}") = "Inasync.MiddlewarePipelines.Tests", "tests\Inasync.MiddlewarePipelines.Tests\Inasync.MiddlewarePipelines.Tests.csproj", "{787A8B78-8F93-4904-925A-63DD90ABA7B6}"
EndProject
Project("{2150E333-8FDC-42A3-9474-1A3956D46DE8}") = "Solution Items", "Solution Items", "{3809A96C-627E-4192-AEA8-4855D6A46440}"
	ProjectSection(SolutionItems) = preProject
		.editorconfig = .editorconfig
		.gitignore = .gitignore
		appveyor.yml = appveyor.yml
		Directory.Build.props = Directory.Build.props
		LICENSE = LICENSE
		README.md = README.md
	EndProjectSection
EndProject
Global
	GlobalSection(SolutionConfigurationPlatforms) = preSolution
		Debug|Any CPU = Debug|Any CPU
		Release|Any CPU = Release|Any CPU
	EndGlobalSection
	GlobalSection(ProjectConfigurationPlatforms) = postSolution
		{1CB8D62B-A5EE-48C9-9259-056D36B5469A}.Debug|Any CPU.ActiveCfg = Debug|Any CPU
		{1CB8D62B-A5EE-48C9-9259-056D36B5469A}.Debug|Any CPU.Build.0 = Debug|Any CPU
		{1CB8D62B-A5EE-48C9-9259-056D36B5469A}.Release|Any CPU.ActiveCfg = Release|Any CPU
		{1CB8D62B-A5EE-48C9-9259-056D36B5469A}.Release|Any CPU.Build.0 = Release|Any CPU
		{787A8B78-8F93-4904-925A-63DD90ABA7B6}.Debug|Any CPU.ActiveCfg = Debug|Any CPU
		{787A8B78-8F93-4904-925A-63DD90ABA7B6}.Debug|Any CPU.Build.0 = Debug|Any CPU
		{787A8B78-8F93-4904-925A-63DD90ABA7B6}.Release|Any CPU.ActiveCfg = Release|Any CPU
		{787A8B78-8F93-4904-925A-63DD90ABA7B6}.Release|Any CPU.Build.0 = Release|Any CPU
	EndGlobalSection
	GlobalSection(SolutionProperties) = preSolution
		HideSolutionNode = FALSE
	EndGlobalSection
	GlobalSection(NestedProjects) = preSolution
		{1CB8D62B-A5EE-48C9-9259-056D36B5469A} = {D4CD30E4-0B4E-47CE-93D4-0A75CC43FA66}
		{787A8B78-8F93-4904-925A-63DD90ABA7B6} = {602E721D-94B2-420B-AFC3-B652BFED3A5F}
	EndGlobalSection
	GlobalSection(ExtensibilityGlobals) = postSolution
		SolutionGuid = {DEAC4EC5-F22D-4D22-AE93-F485FF830013}
	EndGlobalSection
EndGlobal
